
Microsoft Visual Studio Solution File, Format Version 12.00
# Visual Studio 15
Project("{FAE04EC0-301F-11D3-BF4B-00C04F79EFBC}") = "WebViewApp.Android", "WebViewApp.Android\WebViewApp.Android.csproj", "{229AE518-010A-4448-A444-F32D91D2D1F6}"
EndProject
Project("{FAE04EC0-301F-11D3-BF4B-00C04F79EFBC}") = "WebViewApp.iOS", "WebViewApp.iOS\WebViewApp.iOS.csproj", "{F6574B22-FE35-4531-BB21-013A538C7938}"
EndProject
Project("{FAE04EC0-301F-11D3-BF4B-00C04F79EFBC}") = "WebViewApp", "WebViewApp\WebViewApp.csproj", "{CA15418A-8070-48FE-B63A-5A61750C9397}"
EndProject
Global
	GlobalSection(SolutionConfigurationPlatforms) = preSolution
		Debug|Any CPU = Debug|Any CPU
		Release|Any CPU = Release|Any CPU
		Debug|iPhoneSimulator = Debug|iPhoneSimulator
		Release|iPhoneSimulator = Release|iPhoneSimulator
		Debug|iPhone = Debug|iPhone
		Release|iPhone = Release|iPhone
		Ad-Hoc|iPhone = Ad-Hoc|iPhone
		AppStore|iPhone = AppStore|iPhone
	EndGlobalSection
	GlobalSection(ProjectConfigurationPlatforms) = postSolution
		{229AE518-010A-4448-A444-F32D91D2D1F6}.Debug|Any CPU.ActiveCfg = Debug|Any CPU
		{229AE518-010A-4448-A444-F32D91D2D1F6}.Debug|Any CPU.Build.0 = Debug|Any CPU
		{229AE518-010A-4448-A444-F32D91D2D1F6}.Release|Any CPU.ActiveCfg = Release|Any CPU
		{229AE518-010A-4448-A444-F32D91D2D1F6}.Release|Any CPU.Build.0 = Release|Any CPU
		{229AE518-010A-4448-A444-F32D91D2D1F6}.Debug|iPhoneSimulator.ActiveCfg = Debug|Any CPU
		{229AE518-010A-4448-A444-F32D91D2D1F6}.Debug|iPhoneSimulator.Build.0 = Debug|Any CPU
		{229AE518-010A-4448-A444-F32D91D2D1F6}.Release|iPhoneSimulator.ActiveCfg = Release|Any CPU
		{229AE518-010A-4448-A444-F32D91D2D1F6}.Release|iPhoneSimulator.Build.0 = Release|Any CPU
		{229AE518-010A-4448-A444-F32D91D2D1F6}.Debug|iPhone.ActiveCfg = Debug|Any CPU
		{229AE518-010A-4448-A444-F32D91D2D1F6}.Debug|iPhone.Build.0 = Debug|Any CPU
		{229AE518-010A-4448-A444-F32D91D2D1F6}.Release|iPhone.ActiveCfg = Release|Any CPU
		{229AE518-010A-4448-A444-F32D91D2D1F6}.Release|iPhone.Build.0 = Release|Any CPU
		{229AE518-010A-4448-A444-F32D91D2D1F6}.Ad-Hoc|iPhone.ActiveCfg = Debug|Any CPU
		{229AE518-010A-4448-A444-F32D91D2D1F6}.Ad-Hoc|iPhone.Build.0 = Debug|Any CPU
		{229AE518-010A-4448-A444-F32D91D2D1F6}.AppStore|iPhone.ActiveCfg = Debug|Any CPU
		{229AE518-010A-4448-A444-F32D91D2D1F6}.AppStore|iPhone.Build.0 = Debug|Any CPU
		{F6574B22-FE35-4531-BB21-013A538C7938}.Debug|Any CPU.ActiveCfg = Debug|iPhoneSimulator
		{F6574B22-FE35-4531-BB21-013A538C7938}.Debug|Any CPU.Build.0 = Debug|iPhoneSimulator
		{F6574B22-FE35-4531-BB21-013A538C7938}.Release|Any CPU.ActiveCfg = Release|iPhoneSimulator
		{F6574B22-FE35-4531-BB21-013A538C7938}.Release|Any CPU.Build.0 = Release|iPhoneSimulator
		{F6574B22-FE35-4531-BB21-013A538C7938}.Debug|iPhoneSimulator.ActiveCfg = Debug|iPhoneSimulator
		{F6574B22-FE35-4531-BB21-013A538C7938}.Debug|iPhoneSimulator.Build.0 = Debug|iPhoneSimulator
		{F6574B22-FE35-4531-BB21-013A538C7938}.Release|iPhoneSimulator.ActiveCfg = Release|iPhoneSimulator
		{F6574B22-FE35-4531-BB21-013A538C7938}.Release|iPhoneSimulator.Build.0 = Release|iPhoneSimulator
		{F6574B22-FE35-4531-BB21-013A538C7938}.Debug|iPhone.ActiveCfg = Debug|iPhone
		{F6574B22-FE35-4531-BB21-013A538C7938}.Debug|iPhone.Build.0 = Debug|iPhone
		{F6574B22-FE35-4531-BB21-013A538C7938}.Release|iPhone.ActiveCfg = Release|iPhone
		{F6574B22-FE35-4531-BB21-013A538C7938}.Release|iPhone.Build.0 = Release|iPhone
		{F6574B22-FE35-4531-BB21-013A538C7938}.Ad-Hoc|iPhone.ActiveCfg = Ad-Hoc|iPhone
		{F6574B22-FE35-4531-BB21-013A538C7938}.Ad-Hoc|iPhone.Build.0 = Ad-Hoc|iPhone
		{F6574B22-FE35-4531-BB21-013A538C7938}.AppStore|iPhone.ActiveCfg = AppStore|iPhone
		{F6574B22-FE35-4531-BB21-013A538C7938}.AppStore|iPhone.Build.0 = AppStore|iPhone
		{CA15418A-8070-48FE-B63A-5A61750C9397}.Debug|Any CPU.ActiveCfg = Debug|Any CPU
		{CA15418A-8070-48FE-B63A-5A61750C9397}.Debug|Any CPU.Build.0 = Debug|Any CPU
		{CA15418A-8070-48FE-B63A-5A61750C9397}.Release|Any CPU.ActiveCfg = Release|Any CPU
		{CA15418A-8070-48FE-B63A-5A61750C9397}.Release|Any CPU.Build.0 = Release|Any CPU
		{CA15418A-8070-48FE-B63A-5A61750C9397}.Debug|iPhoneSimulator.ActiveCfg = Debug|Any CPU
		{CA15418A-8070-48FE-B63A-5A61750C9397}.Debug|iPhoneSimulator.Build.0 = Debug|Any CPU
		{CA15418A-8070-48FE-B63A-5A61750C9397}.Release|iPhoneSimulator.ActiveCfg = Release|Any CPU
		{CA15418A-8070-48FE-B63A-5A61750C9397}.Release|iPhoneSimulator.Build.0 = Release|Any CPU
		{CA15418A-8070-48FE-B63A-5A61750C9397}.Debug|iPhone.ActiveCfg = Debug|Any CPU
		{CA15418A-8070-48FE-B63A-5A61750C9397}.Debug|iPhone.Build.0 = Debug|Any CPU
		{CA15418A-8070-48FE-B63A-5A61750C9397}.Release|iPhone.ActiveCfg = Release|Any CPU
		{CA15418A-8070-48FE-B63A-5A61750C9397}.Release|iPhone.Build.0 = Release|Any CPU
		{CA15418A-8070-48FE-B63A-5A61750C9397}.Ad-Hoc|iPhone.ActiveCfg = Debug|Any CPU
		{CA15418A-8070-48FE-B63A-5A61750C9397}.Ad-Hoc|iPhone.Build.0 = Debug|Any CPU
		{CA15418A-8070-48FE-B63A-5A61750C9397}.AppStore|iPhone.ActiveCfg = Debug|Any CPU
		{CA15418A-8070-48FE-B63A-5A61750C9397}.AppStore|iPhone.Build.0 = Debug|Any CPU
	EndGlobalSection
EndGlobal
